
Microsoft Visual Studio Solution File, Format Version 12.00
# Visual Studio 15
VisualStudioVersion = 15.0.27428.2015
MinimumVisualStudioVersion = 10.0.40219.1
Project("{FAE04EC0-301F-11D3-BF4B-00C04F79EFBC}") = "KcpClient", "KcpClient\KcpClient.csproj", "{BFDDC223-4294-4D94-A0F5-AE025B894D97}"
EndProject
Global
	GlobalSection(SolutionConfigurationPlatforms) = preSolution
		Debug|Any CPU = Debug|Any CPU
		Release|Any CPU = Release|Any CPU
	EndGlobalSection
	GlobalSection(ProjectConfigurationPlatforms) = postSolution
		{BFDDC223-4294-4D94-A0F5-AE025B894D97}.Debug|Any CPU.ActiveCfg = Debug|Any CPU
		{BFDDC223-4294-4D94-A0F5-AE025B894D97}.Debug|Any CPU.Build.0 = Debug|Any CPU
		{BFDDC223-4294-4D94-A0F5-AE025B894D97}.Release|Any CPU.ActiveCfg = Release|Any CPU
		{BFDDC223-4294-4D94-A0F5-AE025B894D97}.Release|Any CPU.Build.0 = Release|Any CPU
	EndGlobalSection
	GlobalSection(SolutionProperties) = preSolution
		HideSolutionNode = FALSE
	EndGlobalSection
	GlobalSection(ExtensibilityGlobals) = postSolution
		SolutionGuid = {4090CD22-FBEA-463E-9619-1735403522AC}
	EndGlobalSection
EndGlobal
